
Microsoft Visual Studio Solution File, Format Version 12.00
# Visual Studio 15
VisualStudioVersion = 15.0.27130.2027
MinimumVisualStudioVersion = 10.0.40219.1
Project("{8BC9CEB8-8B4A-11D0-8D11-00A0C91BC942}") = "PPShoppingCart", "PPShoppingCart.vcxproj", "{F0242C45-2A03-4C37-BACB-CDBF92158C0C}"
EndProject
Global
	GlobalSection(SolutionConfigurationPlatforms) = preSolution
		Debug|x64 = Debug|x64
		Debug|x86 = Debug|x86
		Release|x64 = Release|x64
		Release|x86 = Release|x86
	EndGlobalSection
	GlobalSection(ProjectConfigurationPlatforms) = postSolution
		{F0242C45-2A03-4C37-BACB-CDBF92158C0C}.Debug|x64.ActiveCfg = Debug|x64
		{F0242C45-2A03-4C37-BACB-CDBF92158C0C}.Debug|x64.Build.0 = Debug|x64
		{F0242C45-2A03-4C37-BACB-CDBF92158C0C}.Debug|x86.ActiveCfg = Debug|Win32
		{F0242C45-2A03-4C37-BACB-CDBF92158C0C}.Debug|x86.Build.0 = Debug|Win32
		{F0242C45-2A03-4C37-BACB-CDBF92158C0C}.Release|x64.ActiveCfg = Release|x64
		{F0242C45-2A03-4C37-BACB-CDBF92158C0C}.Release|x64.Build.0 = Release|x64
		{F0242C45-2A03-4C37-BACB-CDBF92158C0C}.Release|x86.ActiveCfg = Release|Win32
		{F0242C45-2A03-4C37-BACB-CDBF92158C0C}.Release|x86.Build.0 = Release|Win32
	EndGlobalSection
	GlobalSection(SolutionProperties) = preSolution
		HideSolutionNode = FALSE
	EndGlobalSection
	GlobalSection(ExtensibilityGlobals) = postSolution
		SolutionGuid = {B4A58FDE-FEC1-4206-9CDE-68219EB16A47}
	EndGlobalSection
EndGlobal
